{
  "nodes": {
    "agenix": {
      "inputs": {
        "darwin": "darwin",
        "home-manager": "home-manager",
        "nixpkgs": [
          "nixpkgs"
        ],
        "systems": "systems"
      },
      "locked": {
        "lastModified": 1745630506,
        "narHash": "sha256-bHCFgGeu8XjWlVuaWzi3QONjDW3coZDqSHvnd4l7xus=",
        "owner": "ryantm",
        "repo": "agenix",
        "rev": "96e078c646b711aee04b82ba01aefbff87004ded",
        "type": "github"
      },
      "original": {
        "owner": "ryantm",
        "repo": "agenix",
        "type": "github"
      }
    },
    "darwin": {
      "inputs": {
        "nixpkgs": [
          "agenix",
          "nixpkgs"
        ]
      },
      "locked": {
        "lastModified": 1744478979,
        "narHash": "sha256-dyN+teG9G82G+m+PX/aSAagkC+vUv0SgUw3XkPhQodQ=",
        "owner": "lnl7",
        "repo": "nix-darwin",
        "rev": "43975d782b418ebf4969e9ccba82466728c2851b",
        "type": "github"
      },
      "original": {
        "owner": "lnl7",
        "ref": "master",
        "repo": "nix-darwin",
        "type": "github"
      }
    },
    "flake-utils": {
      "inputs": {
        "systems": "systems_2"
      },
      "locked": {
        "lastModified": 1731533236,
        "narHash": "sha256-l0KFg5HjrsfsO/JpG+r7fRrqm12kzFHyUHqHCVpMMbI=",
        "owner": "numtide",
        "repo": "flake-utils",
        "rev": "11707dc2f618dd54ca8739b309ec4fc024de578b",
        "type": "github"
      },
      "original": {
        "owner": "numtide",
        "repo": "flake-utils",
        "type": "github"
      }
    },
    "home-manager": {
      "inputs": {
        "nixpkgs": [
          "agenix",
          "nixpkgs"
        ]
      },
      "locked": {
        "lastModified": 1745494811,
        "narHash": "sha256-YZCh2o9Ua1n9uCvrvi5pRxtuVNml8X2a03qIFfRKpFs=",
        "owner": "nix-community",
        "repo": "home-manager",
        "rev": "abfad3d2958c9e6300a883bd443512c55dfeb1be",
        "type": "github"
      },
      "original": {
        "owner": "nix-community",
        "repo": "home-manager",
        "type": "github"
      }
    },
    "home-manager_2": {
      "inputs": {
        "nixpkgs": [
          "nixpkgs"
        ]
      },
      "locked": {
        "lastModified": 1746171682,
        "narHash": "sha256-EyXUNSa+H+YvGVuQJP1nZskXAowxKYp79RNUsNdQTj4=",
        "owner": "nix-community",
        "repo": "home-manager",
        "rev": "50eee705bbdbac942074a8c120e8194185633675",
        "type": "github"
      },
      "original": {
        "owner": "nix-community",
        "ref": "release-24.11",
        "repo": "home-manager",
        "type": "github"
      }
    },
    "nix-vscode-extensions": {
      "inputs": {
        "flake-utils": "flake-utils",
        "nixpkgs": [
          "nixpkgs"
        ]
      },
      "locked": {
        "lastModified": 1746842090,
        "narHash": "sha256-W/WqQ8VGZ4tlV6BAFGY6BDEc5ShAm4i3pv5c3s3YlUI=",
        "owner": "nix-community",
        "repo": "nix-vscode-extensions",
        "rev": "5603fb6fb99f68dfc244429c79a7b706ed9a2fd7",
        "type": "github"
      },
      "original": {
        "owner": "nix-community",
        "repo": "nix-vscode-extensions",
        "type": "github"
      }
    },
    "nixpkgs": {
      "locked": {
        "lastModified": 1746557022,
        "narHash": "sha256-QkNoyEf6TbaTW5UZYX0OkwIJ/ZMeKSSoOMnSDPQuol0=",
        "owner": "nixos",
        "repo": "nixpkgs",
        "rev": "1d3aeb5a193b9ff13f63f4d9cc169fb88129f860",
        "type": "github"
      },
      "original": {
        "owner": "nixos",
        "ref": "nixos-24.11",
        "repo": "nixpkgs",
        "type": "github"
      }
    },
    "nixpkgs-unstable": {
      "locked": {
        "lastModified": 1746894374,
        "narHash": "sha256-suPMHbBBhgi5mIAZjrM5PVDc178giL5AxWtReO7DMcU=",
        "owner": "nixos",
        "repo": "nixpkgs",
        "rev": "039e8a79618e8444ebf760fd474406c402bf4fd1",
        "type": "github"
      },
      "original": {
        "owner": "nixos",
        "ref": "master",
        "repo": "nixpkgs",
        "type": "github"
      }
    },
    "root": {
      "inputs": {
        "agenix": "agenix",
        "home-manager": "home-manager_2",
        "nix-vscode-extensions": "nix-vscode-extensions",
        "nixpkgs": "nixpkgs",
        "nixpkgs-unstable": "nixpkgs-unstable",
        "systems": "systems_3"
      }
    },
    "systems": {
      "locked": {
        "lastModified": 1681028828,
        "narHash": "sha256-Vy1rq5AaRuLzOxct8nz4T6wlgyUR7zLU309k9mBC768=",
        "owner": "nix-systems",
        "repo": "default",
        "rev": "da67096a3b9bf56a91d16901293e51ba5b49a27e",
        "type": "github"
      },
      "original": {
        "owner": "nix-systems",
        "repo": "default",
        "type": "github"
      }
    },
    "systems_2": {
      "locked": {
        "lastModified": 1681028828,
        "narHash": "sha256-Vy1rq5AaRuLzOxct8nz4T6wlgyUR7zLU309k9mBC768=",
        "owner": "nix-systems",
        "repo": "default",
        "rev": "da67096a3b9bf56a91d16901293e51ba5b49a27e",
        "type": "github"
      },
      "original": {
        "owner": "nix-systems",
        "repo": "default",
        "type": "github"
      }
    },
    "systems_3": {
      "locked": {
        "lastModified": 1680978846,
        "narHash": "sha256-Gtqg8b/v49BFDpDetjclCYXm8mAnTrUzR0JnE2nv5aw=",
        "owner": "nix-systems",
        "repo": "x86_64-linux",
        "rev": "2ecfcac5e15790ba6ce360ceccddb15ad16d08a8",
        "type": "github"
      },
      "original": {
        "owner": "nix-systems",
        "repo": "x86_64-linux",
        "type": "github"
      }
    }
  },
  "root": "root",
  "version": 7
}
